
Microsoft Visual Studio Solution File, Format Version 12.00
# Visual Studio Version 17
VisualStudioVersion = 17.0.31903.59
MinimumVisualStudioVersion = 10.0.40219.1
Project("{FAE04EC0-301F-11D3-BF4B-00C04F79EFBC}") = "AccessManager.Api", "src\AccessManager.Api\AccessManager.Api.csproj", "{3B3D92C5-53D2-450B-9FDE-D34679EEE834}"
EndProject
Project("{FAE04EC0-301F-11D3-BF4B-00C04F79EFBC}") = "AccessManager.Application", "src\AccessManager.Application\AccessManager.Application.csproj", "{30E86925-E9B6-4CEB-BAD1-5056876C619E}"
EndProject
Project("{FAE04EC0-301F-11D3-BF4B-00C04F79EFBC}") = "AccessManager.Domain", "src\AccessManager.Domain\AccessManager.Domain.csproj", "{2E3AC367-F875-4A61-9C00-50FF32726EBE}"
EndProject
Project("{FAE04EC0-301F-11D3-BF4B-00C04F79EFBC}") = "AccessManager.Infrastructure", "src\AccessManager.Infrastructure\AccessManager.Infrastructure.csproj", "{43983432-842A-4A6D-94D5-42C8B43ADD9A}"
EndProject
Project("{FAE04EC0-301F-11D3-BF4B-00C04F79EFBC}") = "AccessManager.UnitTests", "tests\AccessManager.UnitTests\AccessManager.UnitTests.csproj", "{9FE9612F-E4BE-4024-A749-C70907C37C0A}"
EndProject
Global
	GlobalSection(SolutionConfigurationPlatforms) = preSolution
		Debug|Any CPU = Debug|Any CPU
		Debug|x64 = Debug|x64
		Debug|x86 = Debug|x86
		Release|Any CPU = Release|Any CPU
		Release|x64 = Release|x64
		Release|x86 = Release|x86
	EndGlobalSection
	GlobalSection(ProjectConfigurationPlatforms) = postSolution
		{3B3D92C5-53D2-450B-9FDE-D34679EEE834}.Debug|Any CPU.ActiveCfg = Debug|Any CPU
		{3B3D92C5-53D2-450B-9FDE-D34679EEE834}.Debug|Any CPU.Build.0 = Debug|Any CPU
		{3B3D92C5-53D2-450B-9FDE-D34679EEE834}.Debug|x64.ActiveCfg = Debug|Any CPU
		{3B3D92C5-53D2-450B-9FDE-D34679EEE834}.Debug|x64.Build.0 = Debug|Any CPU
		{3B3D92C5-53D2-450B-9FDE-D34679EEE834}.Debug|x86.ActiveCfg = Debug|Any CPU
		{3B3D92C5-53D2-450B-9FDE-D34679EEE834}.Debug|x86.Build.0 = Debug|Any CPU
		{3B3D92C5-53D2-450B-9FDE-D34679EEE834}.Release|Any CPU.ActiveCfg = Release|Any CPU
		{3B3D92C5-53D2-450B-9FDE-D34679EEE834}.Release|Any CPU.Build.0 = Release|Any CPU
		{3B3D92C5-53D2-450B-9FDE-D34679EEE834}.Release|x64.ActiveCfg = Release|Any CPU
		{3B3D92C5-53D2-450B-9FDE-D34679EEE834}.Release|x64.Build.0 = Release|Any CPU
		{3B3D92C5-53D2-450B-9FDE-D34679EEE834}.Release|x86.ActiveCfg = Release|Any CPU
		{3B3D92C5-53D2-450B-9FDE-D34679EEE834}.Release|x86.Build.0 = Release|Any CPU
		{30E86925-E9B6-4CEB-BAD1-5056876C619E}.Debug|Any CPU.ActiveCfg = Debug|Any CPU
		{30E86925-E9B6-4CEB-BAD1-5056876C619E}.Debug|Any CPU.Build.0 = Debug|Any CPU
		{30E86925-E9B6-4CEB-BAD1-5056876C619E}.Debug|x64.ActiveCfg = Debug|Any CPU
		{30E86925-E9B6-4CEB-BAD1-5056876C619E}.Debug|x64.Build.0 = Debug|Any CPU
		{30E86925-E9B6-4CEB-BAD1-5056876C619E}.Debug|x86.ActiveCfg = Debug|Any CPU
		{30E86925-E9B6-4CEB-BAD1-5056876C619E}.Debug|x86.Build.0 = Debug|Any CPU
		{30E86925-E9B6-4CEB-BAD1-5056876C619E}.Release|Any CPU.ActiveCfg = Release|Any CPU
		{30E86925-E9B6-4CEB-BAD1-5056876C619E}.Release|Any CPU.Build.0 = Release|Any CPU
		{30E86925-E9B6-4CEB-BAD1-5056876C619E}.Release|x64.ActiveCfg = Release|Any CPU
		{30E86925-E9B6-4CEB-BAD1-5056876C619E}.Release|x64.Build.0 = Release|Any CPU
		{30E86925-E9B6-4CEB-BAD1-5056876C619E}.Release|x86.ActiveCfg = Release|Any CPU
		{30E86925-E9B6-4CEB-BAD1-5056876C619E}.Release|x86.Build.0 = Release|Any CPU
		{2E3AC367-F875-4A61-9C00-50FF32726EBE}.Debug|Any CPU.ActiveCfg = Debug|Any CPU
		{2E3AC367-F875-4A61-9C00-50FF32726EBE}.Debug|Any CPU.Build.0 = Debug|Any CPU
		{2E3AC367-F875-4A61-9C00-50FF32726EBE}.Debug|x64.ActiveCfg = Debug|Any CPU
		{2E3AC367-F875-4A61-9C00-50FF32726EBE}.Debug|x64.Build.0 = Debug|Any CPU
		{2E3AC367-F875-4A61-9C00-50FF32726EBE}.Debug|x86.ActiveCfg = Debug|Any CPU
		{2E3AC367-F875-4A61-9C00-50FF32726EBE}.Debug|x86.Build.0 = Debug|Any CPU
		{2E3AC367-F875-4A61-9C00-50FF32726EBE}.Release|Any CPU.ActiveCfg = Release|Any CPU
		{2E3AC367-F875-4A61-9C00-50FF32726EBE}.Release|Any CPU.Build.0 = Release|Any CPU
		{2E3AC367-F875-4A61-9C00-50FF32726EBE}.Release|x64.ActiveCfg = Release|Any CPU
		{2E3AC367-F875-4A61-9C00-50FF32726EBE}.Release|x64.Build.0 = Release|Any CPU
		{2E3AC367-F875-4A61-9C00-50FF32726EBE}.Release|x86.ActiveCfg = Release|Any CPU
		{2E3AC367-F875-4A61-9C00-50FF32726EBE}.Release|x86.Build.0 = Release|Any CPU
		{43983432-842A-4A6D-94D5-42C8B43ADD9A}.Debug|Any CPU.ActiveCfg = Debug|Any CPU
		{43983432-842A-4A6D-94D5-42C8B43ADD9A}.Debug|Any CPU.Build.0 = Debug|Any CPU
		{43983432-842A-4A6D-94D5-42C8B43ADD9A}.Debug|x64.ActiveCfg = Debug|Any CPU
		{43983432-842A-4A6D-94D5-42C8B43ADD9A}.Debug|x64.Build.0 = Debug|Any CPU
		{43983432-842A-4A6D-94D5-42C8B43ADD9A}.Debug|x86.ActiveCfg = Debug|Any CPU
		{43983432-842A-4A6D-94D5-42C8B43ADD9A}.Debug|x86.Build.0 = Debug|Any CPU
		{43983432-842A-4A6D-94D5-42C8B43ADD9A}.Release|Any CPU.ActiveCfg = Release|Any CPU
		{43983432-842A-4A6D-94D5-42C8B43ADD9A}.Release|Any CPU.Build.0 = Release|Any CPU
		{43983432-842A-4A6D-94D5-42C8B43ADD9A}.Release|x64.ActiveCfg = Release|Any CPU
		{43983432-842A-4A6D-94D5-42C8B43ADD9A}.Release|x64.Build.0 = Release|Any CPU
		{43983432-842A-4A6D-94D5-42C8B43ADD9A}.Release|x86.ActiveCfg = Release|Any CPU
		{43983432-842A-4A6D-94D5-42C8B43ADD9A}.Release|x86.Build.0 = Release|Any CPU
		{9FE9612F-E4BE-4024-A749-C70907C37C0A}.Debug|Any CPU.ActiveCfg = Debug|Any CPU
		{9FE9612F-E4BE-4024-A749-C70907C37C0A}.Debug|Any CPU.Build.0 = Debug|Any CPU
		{9FE9612F-E4BE-4024-A749-C70907C37C0A}.Debug|x64.ActiveCfg = Debug|Any CPU
		{9FE9612F-E4BE-4024-A749-C70907C37C0A}.Debug|x64.Build.0 = Debug|Any CPU
		{9FE9612F-E4BE-4024-A749-C70907C37C0A}.Debug|x86.ActiveCfg = Debug|Any CPU
		{9FE9612F-E4BE-4024-A749-C70907C37C0A}.Debug|x86.Build.0 = Debug|Any CPU
		{9FE9612F-E4BE-4024-A749-C70907C37C0A}.Release|Any CPU.ActiveCfg = Release|Any CPU
		{9FE9612F-E4BE-4024-A749-C70907C37C0A}.Release|Any CPU.Build.0 = Release|Any CPU
		{9FE9612F-E4BE-4024-A749-C70907C37C0A}.Release|x64.ActiveCfg = Release|Any CPU
		{9FE9612F-E4BE-4024-A749-C70907C37C0A}.Release|x64.Build.0 = Release|Any CPU
		{9FE9612F-E4BE-4024-A749-C70907C37C0A}.Release|x86.ActiveCfg = Release|Any CPU
		{9FE9612F-E4BE-4024-A749-C70907C37C0A}.Release|x86.Build.0 = Release|Any CPU
	EndGlobalSection
	GlobalSection(SolutionProperties) = preSolution
		HideSolutionNode = FALSE
	EndGlobalSection
EndGlobal
